// !$*UTF8*$!
{
	archiveVersion = 1;
	classes = {
	};
	objectVersion = 46;
	objects = {

/* Begin PBXBuildFile section */
		85193A391F4CFFDE008E2C45 /* StudentData.swift in Sources */ = {isa = PBXBuildFile; fileRef = 85193A381F4CFFDE008E2C45 /* StudentData.swift */; };
		85193A3B1F4D0CA2008E2C45 /* User.swift in Sources */ = {isa = PBXBuildFile; fileRef = 85193A3A1F4D0CA2008E2C45 /* User.swift */; };
		85193A3D1F4D3188008E2C45 /* Convenience.swift in Sources */ = {isa = PBXBuildFile; fileRef = 85193A3C1F4D3188008E2C45 /* Convenience.swift */; };
		85193A3F1F4D34D6008E2C45 /* Connectivity.swift in Sources */ = {isa = PBXBuildFile; fileRef = 85193A3E1F4D34D6008E2C45 /* Connectivity.swift */; };
		8537150F1F4625F3008BC301 /* TableViewController.swift in Sources */ = {isa = PBXBuildFile; fileRef = 8537150E1F4625F3008BC301 /* TableViewController.swift */; };
		853715111F464002008BC301 /* UdacityConvenience.swift in Sources */ = {isa = PBXBuildFile; fileRef = 853715101F464002008BC301 /* UdacityConvenience.swift */; };
		8564195A1F3D080500BF2EFE /* AppDelegate.swift in Sources */ = {isa = PBXBuildFile; fileRef = 856419591F3D080500BF2EFE /* AppDelegate.swift */; };
		8564195F1F3D080500BF2EFE /* Main.storyboard in Resources */ = {isa = PBXBuildFile; fileRef = 8564195D1F3D080500BF2EFE /* Main.storyboard */; };
		856419611F3D080500BF2EFE /* Assets.xcassets in Resources */ = {isa = PBXBuildFile; fileRef = 856419601F3D080500BF2EFE /* Assets.xcassets */; };
		856419641F3D080500BF2EFE /* LaunchScreen.storyboard in Resources */ = {isa = PBXBuildFile; fileRef = 856419621F3D080500BF2EFE /* LaunchScreen.storyboard */; };
		856419791F3D0EF500BF2EFE /* LoginViewController.swift in Sources */ = {isa = PBXBuildFile; fileRef = 856419781F3D0EF500BF2EFE /* LoginViewController.swift */; };
		8564197D1F3D0F2300BF2EFE /* InformationPostingViewController.swift in Sources */ = {isa = PBXBuildFile; fileRef = 8564197C1F3D0F2300BF2EFE /* InformationPostingViewController.swift */; };
		8564197F1F3D104400BF2EFE /* UdactiyClient.swift in Sources */ = {isa = PBXBuildFile; fileRef = 8564197E1F3D104400BF2EFE /* UdactiyClient.swift */; };
		856419811F3D15EC00BF2EFE /* ParseClient.swift in Sources */ = {isa = PBXBuildFile; fileRef = 856419801F3D15EC00BF2EFE /* ParseClient.swift */; };
		856419831F3D15FD00BF2EFE /* ParseConstants.swift in Sources */ = {isa = PBXBuildFile; fileRef = 856419821F3D15FD00BF2EFE /* ParseConstants.swift */; };
		857DA3751F45D242001C7F4F /* MapViewController.swift in Sources */ = {isa = PBXBuildFile; fileRef = 857DA3741F45D242001C7F4F /* MapViewController.swift */; };
		857DA3771F45D761001C7F4F /* StudentLocation.swift in Sources */ = {isa = PBXBuildFile; fileRef = 857DA3761F45D761001C7F4F /* StudentLocation.swift */; };
		857DA3791F45E546001C7F4F /* ParseConvenience.swift in Sources */ = {isa = PBXBuildFile; fileRef = 857DA3781F45E546001C7F4F /* ParseConvenience.swift */; };
		85A89BC61F44C28700D0D85F /* GCDBlackBox.swift in Sources */ = {isa = PBXBuildFile; fileRef = 85A89BC51F44C28700D0D85F /* GCDBlackBox.swift */; };
/* End PBXBuildFile section */

/* Begin PBXFileReference section */
		85193A381F4CFFDE008E2C45 /* StudentData.swift */ = {isa = PBXFileReference; fileEncoding = 4; lastKnownFileType = sourcecode.swift; path = StudentData.swift; sourceTree = "<group>"; };
		85193A3A1F4D0CA2008E2C45 /* User.swift */ = {isa = PBXFileReference; fileEncoding = 4; lastKnownFileType = sourcecode.swift; path = User.swift; sourceTree = "<group>"; };
		85193A3C1F4D3188008E2C45 /* Convenience.swift */ = {isa = PBXFileReference; fileEncoding = 4; lastKnownFileType = sourcecode.swift; path = Convenience.swift; sourceTree = "<group>"; };
		85193A3E1F4D34D6008E2C45 /* Connectivity.swift */ = {isa = PBXFileReference; fileEncoding = 4; lastKnownFileType = sourcecode.swift; path = Connectivity.swift; sourceTree = "<group>"; };
		8537150E1F4625F3008BC301 /* TableViewController.swift */ = {isa = PBXFileReference; fileEncoding = 4; lastKnownFileType = sourcecode.swift; path = TableViewController.swift; sourceTree = "<group>"; };
		853715101F464002008BC301 /* UdacityConvenience.swift */ = {isa = PBXFileReference; fileEncoding = 4; lastKnownFileType = sourcecode.swift; path = UdacityConvenience.swift; sourceTree = "<group>"; };
		856419561F3D080500BF2EFE /* OnTheMap.app */ = {isa = PBXFileReference; explicitFileType = wrapper.application; includeInIndex = 0; path = OnTheMap.app; sourceTree = BUILT_PRODUCTS_DIR; };
		856419591F3D080500BF2EFE /* AppDelegate.swift */ = {isa = PBXFileReference; lastKnownFileType = sourcecode.swift; path = AppDelegate.swift; sourceTree = "<group>"; };
		8564195E1F3D080500BF2EFE /* Base */ = {isa = PBXFileReference; lastKnownFileType = file.storyboard; name = Base; path = Base.lproj/Main.storyboard; sourceTree = "<group>"; };
		856419601F3D080500BF2EFE /* Assets.xcassets */ = {isa = PBXFileReference; lastKnownFileType = folder.assetcatalog; path = Assets.xcassets; sourceTree = "<group>"; };
		856419631F3D080500BF2EFE /* Base */ = {isa = PBXFileReference; lastKnownFileType = file.storyboard; name = Base; path = Base.lproj/LaunchScreen.storyboard; sourceTree = "<group>"; };
		856419651F3D080500BF2EFE /* Info.plist */ = {isa = PBXFileReference; lastKnownFileType = text.plist.xml; path = Info.plist; sourceTree = "<group>"; };
		856419781F3D0EF500BF2EFE /* LoginViewController.swift */ = {isa = PBXFileReference; fileEncoding = 4; lastKnownFileType = sourcecode.swift; path = LoginViewController.swift; sourceTree = "<group>"; };
		8564197C1F3D0F2300BF2EFE /* InformationPostingViewController.swift */ = {isa = PBXFileReference; fileEncoding = 4; lastKnownFileType = sourcecode.swift; path = InformationPostingViewController.swift; sourceTree = "<group>"; };
		8564197E1F3D104400BF2EFE /* UdactiyClient.swift */ = {isa = PBXFileReference; fileEncoding = 4; lastKnownFileType = sourcecode.swift; path = UdactiyClient.swift; sourceTree = "<group>"; };
		856419801F3D15EC00BF2EFE /* ParseClient.swift */ = {isa = PBXFileReference; fileEncoding = 4; lastKnownFileType = sourcecode.swift; path = ParseClient.swift; sourceTree = "<group>"; };
		856419821F3D15FD00BF2EFE /* ParseConstants.swift */ = {isa = PBXFileReference; fileEncoding = 4; lastKnownFileType = sourcecode.swift; path = ParseConstants.swift; sourceTree = "<group>"; };
		857DA3741F45D242001C7F4F /* MapViewController.swift */ = {isa = PBXFileReference; fileEncoding = 4; lastKnownFileType = sourcecode.swift; path = MapViewController.swift; sourceTree = "<group>"; };
		857DA3761F45D761001C7F4F /* StudentLocation.swift */ = {isa = PBXFileReference; fileEncoding = 4; lastKnownFileType = sourcecode.swift; path = StudentLocation.swift; sourceTree = "<group>"; };
		857DA3781F45E546001C7F4F /* ParseConvenience.swift */ = {isa = PBXFileReference; fileEncoding = 4; lastKnownFileType = sourcecode.swift; path = ParseConvenience.swift; sourceTree = "<group>"; };
		85A89BC51F44C28700D0D85F /* GCDBlackBox.swift */ = {isa = PBXFileReference; fileEncoding = 4; lastKnownFileType = sourcecode.swift; path = GCDBlackBox.swift; sourceTree = "<group>"; };
/* End PBXFileReference section */

/* Begin PBXFrameworksBuildPhase section */
		856419531F3D080500BF2EFE /* Frameworks */ = {
			isa = PBXFrameworksBuildPhase;
			buildActionMask = 2147483647;
			files = (
			);
			runOnlyForDeploymentPostprocessing = 0;
		};
/* End PBXFrameworksBuildPhase section */

/* Begin PBXGroup section */
		8564194D1F3D080500BF2EFE = {
			isa = PBXGroup;
			children = (
				856419581F3D080500BF2EFE /* OnTheMap */,
				856419571F3D080500BF2EFE /* Products */,
			);
			sourceTree = "<group>";
		};
		856419571F3D080500BF2EFE /* Products */ = {
			isa = PBXGroup;
			children = (
				856419561F3D080500BF2EFE /* OnTheMap.app */,
			);
			name = Products;
			sourceTree = "<group>";
		};
		856419581F3D080500BF2EFE /* OnTheMap */ = {
			isa = PBXGroup;
			children = (
				856419591F3D080500BF2EFE /* AppDelegate.swift */,
				85A89BC51F44C28700D0D85F /* GCDBlackBox.swift */,
				85193A3C1F4D3188008E2C45 /* Convenience.swift */,
				85193A3E1F4D34D6008E2C45 /* Connectivity.swift */,
				856419731F3D0DF800BF2EFE /* Model */,
				856419721F3D0DF300BF2EFE /* View */,
				856419711F3D0DEC00BF2EFE /* Controller */,
				856419701F3D0DDF00BF2EFE /* Assets */,
				856419741F3D0E2200BF2EFE /* Supporting Files */,
			);
			path = OnTheMap;
			sourceTree = "<group>";
		};
		856419701F3D0DDF00BF2EFE /* Assets */ = {
			isa = PBXGroup;
			children = (
				8564195D1F3D080500BF2EFE /* Main.storyboard */,
				856419601F3D080500BF2EFE /* Assets.xcassets */,
				856419621F3D080500BF2EFE /* LaunchScreen.storyboard */,
			);
			name = Assets;
			sourceTree = "<group>";
		};
		856419711F3D0DEC00BF2EFE /* Controller */ = {
			isa = PBXGroup;
			children = (
				856419781F3D0EF500BF2EFE /* LoginViewController.swift */,
				8564197C1F3D0F2300BF2EFE /* InformationPostingViewController.swift */,
				857DA3741F45D242001C7F4F /* MapViewController.swift */,
				8537150E1F4625F3008BC301 /* TableViewController.swift */,
			);
			name = Controller;
			sourceTree = "<group>";
		};
		856419721F3D0DF300BF2EFE /* View */ = {
			isa = PBXGroup;
			children = (
			);
			name = View;
			sourceTree = "<group>";
		};
		856419731F3D0DF800BF2EFE /* Model */ = {
			isa = PBXGroup;
			children = (
				85193A381F4CFFDE008E2C45 /* StudentData.swift */,
				85193A3A1F4D0CA2008E2C45 /* User.swift */,
				856419751F3D0E5000BF2EFE /* Clients */,
			);
			name = Model;
			sourceTree = "<group>";
		};
		856419741F3D0E2200BF2EFE /* Supporting Files */ = {
			isa = PBXGroup;
			children = (
				856419651F3D080500BF2EFE /* Info.plist */,
			);
			name = "Supporting Files";
			sourceTree = "<group>";
		};
		856419751F3D0E5000BF2EFE /* Clients */ = {
			isa = PBXGroup;
			children = (
				856419771F3D0E5F00BF2EFE /* Parse */,
				856419761F3D0E5800BF2EFE /* Udactiy */,
			);
			name = Clients;
			sourceTree = "<group>";
		};
		856419761F3D0E5800BF2EFE /* Udactiy */ = {
			isa = PBXGroup;
			children = (
				8564197E1F3D104400BF2EFE /* UdactiyClient.swift */,
				853715101F464002008BC301 /* UdacityConvenience.swift */,
			);
			name = Udactiy;
			sourceTree = "<group>";
		};
		856419771F3D0E5F00BF2EFE /* Parse */ = {
			isa = PBXGroup;
			children = (
				857DA3761F45D761001C7F4F /* StudentLocation.swift */,
				856419821F3D15FD00BF2EFE /* ParseConstants.swift */,
				856419801F3D15EC00BF2EFE /* ParseClient.swift */,
				857DA3781F45E546001C7F4F /* ParseConvenience.swift */,
			);
			name = Parse;
			sourceTree = "<group>";
		};
/* End PBXGroup section */

/* Begin PBXNativeTarget section */
		856419551F3D080500BF2EFE /* OnTheMap */ = {
			isa = PBXNativeTarget;
			buildConfigurationList = 856419681F3D080500BF2EFE /* Build configuration list for PBXNativeTarget "OnTheMap" */;
			buildPhases = (
				856419521F3D080500BF2EFE /* Sources */,
				856419531F3D080500BF2EFE /* Frameworks */,
				856419541F3D080500BF2EFE /* Resources */,
			);
			buildRules = (
			);
			dependencies = (
			);
			name = OnTheMap;
			productName = OnTheMap;
			productReference = 856419561F3D080500BF2EFE /* OnTheMap.app */;
			productType = "com.apple.product-type.application";
		};
/* End PBXNativeTarget section */

/* Begin PBXProject section */
		8564194E1F3D080500BF2EFE /* Project object */ = {
			isa = PBXProject;
			attributes = {
				LastSwiftUpdateCheck = 0820;
				LastUpgradeCheck = 0820;
				ORGANIZATIONNAME = "Andrew F Ardire";
				TargetAttributes = {
					856419551F3D080500BF2EFE = {
						CreatedOnToolsVersion = 8.2.1;
						ProvisioningStyle = Automatic;
					};
				};
			};
			buildConfigurationList = 856419511F3D080500BF2EFE /* Build configuration list for PBXProject "OnTheMap" */;
			compatibilityVersion = "Xcode 3.2";
			developmentRegion = English;
			hasScannedForEncodings = 0;
			knownRegions = (
				en,
				Base,
			);
			mainGroup = 8564194D1F3D080500BF2EFE;
			productRefGroup = 856419571F3D080500BF2EFE /* Products */;
			projectDirPath = "";
			projectRoot = "";
			targets = (
				856419551F3D080500BF2EFE /* OnTheMap */,
			);
		};
/* End PBXProject section */

/* Begin PBXResourcesBuildPhase section */
		856419541F3D080500BF2EFE /* Resources */ = {
			isa = PBXResourcesBuildPhase;
			buildActionMask = 2147483647;
			files = (
				856419641F3D080500BF2EFE /* LaunchScreen.storyboard in Resources */,
				856419611F3D080500BF2EFE /* Assets.xcassets in Resources */,
				8564195F1F3D080500BF2EFE /* Main.storyboard in Resources */,
			);
			runOnlyForDeploymentPostprocessing = 0;
		};
/* End PBXResourcesBuildPhase section */

/* Begin PBXSourcesBuildPhase section */
		856419521F3D080500BF2EFE /* Sources */ = {
			isa = PBXSourcesBuildPhase;
			buildActionMask = 2147483647;
			files = (
				857DA3791F45E546001C7F4F /* ParseConvenience.swift in Sources */,
				85193A391F4CFFDE008E2C45 /* StudentData.swift in Sources */,
				85A89BC61F44C28700D0D85F /* GCDBlackBox.swift in Sources */,
				856419811F3D15EC00BF2EFE /* ParseClient.swift in Sources */,
				8564197F1F3D104400BF2EFE /* UdactiyClient.swift in Sources */,
				857DA3751F45D242001C7F4F /* MapViewController.swift in Sources */,
				85193A3B1F4D0CA2008E2C45 /* User.swift in Sources */,
				8564197D1F3D0F2300BF2EFE /* InformationPostingViewController.swift in Sources */,
				8537150F1F4625F3008BC301 /* TableViewController.swift in Sources */,
				85193A3D1F4D3188008E2C45 /* Convenience.swift in Sources */,
				856419791F3D0EF500BF2EFE /* LoginViewController.swift in Sources */,
				8564195A1F3D080500BF2EFE /* AppDelegate.swift in Sources */,
				85193A3F1F4D34D6008E2C45 /* Connectivity.swift in Sources */,
				857DA3771F45D761001C7F4F /* StudentLocation.swift in Sources */,
				856419831F3D15FD00BF2EFE /* ParseConstants.swift in Sources */,
				853715111F464002008BC301 /* UdacityConvenience.swift in Sources */,
			);
			runOnlyForDeploymentPostprocessing = 0;
		};
/* End PBXSourcesBuildPhase section */

/* Begin PBXVariantGroup section */
		8564195D1F3D080500BF2EFE /* Main.storyboard */ = {
			isa = PBXVariantGroup;
			children = (
				8564195E1F3D080500BF2EFE /* Base */,
			);
			name = Main.storyboard;
			sourceTree = "<group>";
		};
		856419621F3D080500BF2EFE /* LaunchScreen.storyboard */ = {
			isa = PBXVariantGroup;
			children = (
				856419631F3D080500BF2EFE /* Base */,
			);
			name = LaunchScreen.storyboard;
			sourceTree = "<group>";
		};
/* End PBXVariantGroup section */

/* Begin XCBuildConfiguration section */
		856419661F3D080500BF2EFE /* Debug */ = {
			isa = XCBuildConfiguration;
			buildSettings = {
				ALWAYS_SEARCH_USER_PATHS = NO;
				CLANG_ANALYZER_NONNULL = YES;
				CLANG_CXX_LANGUAGE_STANDARD = "gnu++0x";
				CLANG_CXX_LIBRARY = "libc++";
				CLANG_ENABLE_MODULES = YES;
				CLANG_ENABLE_OBJC_ARC = YES;
				CLANG_WARN_BOOL_CONVERSION = YES;
				CLANG_WARN_CONSTANT_CONVERSION = YES;
				CLANG_WARN_DIRECT_OBJC_ISA_USAGE = YES_ERROR;
				CLANG_WARN_DOCUMENTATION_COMMENTS = YES;
				CLANG_WARN_EMPTY_BODY = YES;
				CLANG_WARN_ENUM_CONVERSION = YES;
				CLANG_WARN_INFINITE_RECURSION = YES;
				CLANG_WARN_INT_CONVERSION = YES;
				CLANG_WARN_OBJC_ROOT_CLASS = YES_ERROR;
				CLANG_WARN_SUSPICIOUS_MOVE = YES;
				CLANG_WARN_UNREACHABLE_CODE = YES;
				CLANG_WARN__DUPLICATE_METHOD_MATCH = YES;
				"CODE_SIGN_IDENTITY[sdk=iphoneos*]" = "iPhone Developer";
				COPY_PHASE_STRIP = NO;
				DEBUG_INFORMATION_FORMAT = dwarf;
				ENABLE_STRICT_OBJC_MSGSEND = YES;
				ENABLE_TESTABILITY = YES;
				GCC_C_LANGUAGE_STANDARD = gnu99;
				GCC_DYNAMIC_NO_PIC = NO;
				GCC_NO_COMMON_BLOCKS = YES;
				GCC_OPTIMIZATION_LEVEL = 0;
				GCC_PREPROCESSOR_DEFINITIONS = (
					"DEBUG=1",
					"$(inherited)",
				);
				GCC_WARN_64_TO_32_BIT_CONVERSION = YES;
				GCC_WARN_ABOUT_RETURN_TYPE = YES_ERROR;
				GCC_WARN_UNDECLARED_SELECTOR = YES;
				GCC_WARN_UNINITIALIZED_AUTOS = YES_AGGRESSIVE;
				GCC_WARN_UNUSED_FUNCTION = YES;
				GCC_WARN_UNUSED_VARIABLE = YES;
				IPHONEOS_DEPLOYMENT_TARGET = 10.2;
				MTL_ENABLE_DEBUG_INFO = YES;
				ONLY_ACTIVE_ARCH = YES;
				SDKROOT = iphoneos;
				SWIFT_ACTIVE_COMPILATION_CONDITIONS = DEBUG;
				SWIFT_OPTIMIZATION_LEVEL = "-Onone";
			};
			name = Debug;
		};
		856419671F3D080500BF2EFE /* Release */ = {
			isa = XCBuildConfiguration;
			buildSettings = {
				ALWAYS_SEARCH_USER_PATHS = NO;
				CLANG_ANALYZER_NONNULL = YES;
				CLANG_CXX_LANGUAGE_STANDARD = "gnu++0x";
				CLANG_CXX_LIBRARY = "libc++";
				CLANG_ENABLE_MODULES = YES;
				CLANG_ENABLE_OBJC_ARC = YES;
				CLANG_WARN_BOOL_CONVERSION = YES;
				CLANG_WARN_CONSTANT_CONVERSION = YES;
				CLANG_WARN_DIRECT_OBJC_ISA_USAGE = YES_ERROR;
				CLANG_WARN_DOCUMENTATION_COMMENTS = YES;
				CLANG_WARN_EMPTY_BODY = YES;
				CLANG_WARN_ENUM_CONVERSION = YES;
				CLANG_WARN_INFINITE_RECURSION = YES;
				CLANG_WARN_INT_CONVERSION = YES;
				CLANG_WARN_OBJC_ROOT_CLASS = YES_ERROR;
				CLANG_WARN_SUSPICIOUS_MOVE = YES;
				CLANG_WARN_UNREACHABLE_CODE = YES;
				CLANG_WARN__DUPLICATE_METHOD_MATCH = YES;
				"CODE_SIGN_IDENTITY[sdk=iphoneos*]" = "iPhone Developer";
				COPY_PHASE_STRIP = NO;
				DEBUG_INFORMATION_FORMAT = "dwarf-with-dsym";
				ENABLE_NS_ASSERTIONS = NO;
				ENABLE_STRICT_OBJC_MSGSEND = YES;
				GCC_C_LANGUAGE_STANDARD = gnu99;
				GCC_NO_COMMON_BLOCKS = YES;
				GCC_WARN_64_TO_32_BIT_CONVERSION = YES;
				GCC_WARN_ABOUT_RETURN_TYPE = YES_ERROR;
				GCC_WARN_UNDECLARED_SELECTOR = YES;
				GCC_WARN_UNINITIALIZED_AUTOS = YES_AGGRESSIVE;
				GCC_WARN_UNUSED_FUNCTION = YES;
				GCC_WARN_UNUSED_VARIABLE = YES;
				IPHONEOS_DEPLOYMENT_TARGET = 10.2;
				MTL_ENABLE_DEBUG_INFO = NO;
				SDKROOT = iphoneos;
				SWIFT_OPTIMIZATION_LEVEL = "-Owholemodule";
				VALIDATE_PRODUCT = YES;
			};
			name = Release;
		};
		856419691F3D080500BF2EFE /* Debug */ = {
			isa = XCBuildConfiguration;
			buildSettings = {
				ASSETCATALOG_COMPILER_APPICON_NAME = AppIcon;
				INFOPLIST_FILE = OnTheMap/Info.plist;
				LD_RUNPATH_SEARCH_PATHS = "$(inherited) @executable_path/Frameworks";
				PRODUCT_BUNDLE_IDENTIFIER = "Andrew-F-Ardire.OnTheMap";
				PRODUCT_NAME = "$(TARGET_NAME)";
				SWIFT_VERSION = 3.0;
			};
			name = Debug;
		};
		8564196A1F3D080500BF2EFE /* Release */ = {
			isa = XCBuildConfiguration;
			buildSettings = {
				ASSETCATALOG_COMPILER_APPICON_NAME = AppIcon;
				INFOPLIST_FILE = OnTheMap/Info.plist;
				LD_RUNPATH_SEARCH_PATHS = "$(inherited) @executable_path/Frameworks";
				PRODUCT_BUNDLE_IDENTIFIER = "Andrew-F-Ardire.OnTheMap";
				PRODUCT_NAME = "$(TARGET_NAME)";
				SWIFT_VERSION = 3.0;
			};
			name = Release;
		};
/* End XCBuildConfiguration section */

/* Begin XCConfigurationList section */
		856419511F3D080500BF2EFE /* Build configuration list for PBXProject "OnTheMap" */ = {
			isa = XCConfigurationList;
			buildConfigurations = (
				856419661F3D080500BF2EFE /* Debug */,
				856419671F3D080500BF2EFE /* Release */,
			);
			defaultConfigurationIsVisible = 0;
			defaultConfigurationName = Release;
		};
		856419681F3D080500BF2EFE /* Build configuration list for PBXNativeTarget "OnTheMap" */ = {
			isa = XCConfigurationList;
			buildConfigurations = (
				856419691F3D080500BF2EFE /* Debug */,
				8564196A1F3D080500BF2EFE /* Release */,
			);
			defaultConfigurationIsVisible = 0;
			defaultConfigurationName = Release;
		};
/* End XCConfigurationList section */
	};
	rootObject = 8564194E1F3D080500BF2EFE /* Project object */;
}
